
Microsoft Visual Studio Solution File, Format Version 12.00
# Visual Studio 15
VisualStudioVersion = 15.0.28307.271
MinimumVisualStudioVersion = 10.0.40219.1
Project("{FAE04EC0-301F-11D3-BF4B-00C04F79EFBC}") = "StringCalculatorKata", "StringCalculatorKata\StringCalculatorKata.csproj", "{5633BF85-E41F-457C-8992-7CE96F595E9E}"
EndProject
Project("{FAE04EC0-301F-11D3-BF4B-00C04F79EFBC}") = "StringCalculatorKata.Tests", "StringCalculatorKata.Tests\StringCalculatorKata.Tests.csproj", "{FE7DD408-8CEE-47C0-B72E-BEB2F84C3C59}"
EndProject
Global
	GlobalSection(SolutionConfigurationPlatforms) = preSolution
		Debug|Any CPU = Debug|Any CPU
		Release|Any CPU = Release|Any CPU
	EndGlobalSection
	GlobalSection(ProjectConfigurationPlatforms) = postSolution
		{5633BF85-E41F-457C-8992-7CE96F595E9E}.Debug|Any CPU.ActiveCfg = Debug|Any CPU
		{5633BF85-E41F-457C-8992-7CE96F595E9E}.Debug|Any CPU.Build.0 = Debug|Any CPU
		{5633BF85-E41F-457C-8992-7CE96F595E9E}.Release|Any CPU.ActiveCfg = Release|Any CPU
		{5633BF85-E41F-457C-8992-7CE96F595E9E}.Release|Any CPU.Build.0 = Release|Any CPU
		{FE7DD408-8CEE-47C0-B72E-BEB2F84C3C59}.Debug|Any CPU.ActiveCfg = Debug|Any CPU
		{FE7DD408-8CEE-47C0-B72E-BEB2F84C3C59}.Debug|Any CPU.Build.0 = Debug|Any CPU
		{FE7DD408-8CEE-47C0-B72E-BEB2F84C3C59}.Release|Any CPU.ActiveCfg = Release|Any CPU
		{FE7DD408-8CEE-47C0-B72E-BEB2F84C3C59}.Release|Any CPU.Build.0 = Release|Any CPU
	EndGlobalSection
	GlobalSection(SolutionProperties) = preSolution
		HideSolutionNode = FALSE
	EndGlobalSection
	GlobalSection(ExtensibilityGlobals) = postSolution
		SolutionGuid = {D52D9722-A211-460F-B264-D355177F8C2D}
	EndGlobalSection
EndGlobal
